// !$*UTF8*$!
{
	archiveVersion = 1;
	classes = {
	};
	objectVersion = 46;
	objects = {

/* Begin PBXBuildFile section */
		7C2736FF1C11D72600830476 /* main.m in Sources */ = {isa = PBXBuildFile; fileRef = 7C2736FE1C11D72600830476 /* main.m */; };
		7C2737021C11D72600830476 /* AppDelegate.m in Sources */ = {isa = PBXBuildFile; fileRef = 7C2737011C11D72600830476 /* AppDelegate.m */; };
		7C2737051C11D72600830476 /* ViewController.m in Sources */ = {isa = PBXBuildFile; fileRef = 7C2737041C11D72600830476 /* ViewController.m */; };
		7C2737081C11D72600830476 /* Main.storyboard in Resources */ = {isa = PBXBuildFile; fileRef = 7C2737061C11D72600830476 /* Main.storyboard */; };
		7C27370A1C11D72600830476 /* Assets.xcassets in Resources */ = {isa = PBXBuildFile; fileRef = 7C2737091C11D72600830476 /* Assets.xcassets */; };
		7C27370D1C11D72600830476 /* LaunchScreen.storyboard in Resources */ = {isa = PBXBuildFile; fileRef = 7C27370B1C11D72600830476 /* LaunchScreen.storyboard */; };
		7C394EA71C137FAD002B998B /* MessageUI.framework in Frameworks */ = {isa = PBXBuildFile; fileRef = 7C6E59C81C1369740092A20E /* MessageUI.framework */; };
/* End PBXBuildFile section */

/* Begin PBXFileReference section */
		7C2736FA1C11D72600830476 /* rzGalileoDataEntry.app */ = {isa = PBXFileReference; explicitFileType = wrapper.application; includeInIndex = 0; path = rzGalileoDataEntry.app; sourceTree = BUILT_PRODUCTS_DIR; };
		7C2736FE1C11D72600830476 /* main.m */ = {isa = PBXFileReference; lastKnownFileType = sourcecode.c.objc; path = main.m; sourceTree = "<group>"; };
		7C2737001C11D72600830476 /* AppDelegate.h */ = {isa = PBXFileReference; lastKnownFileType = sourcecode.c.h; path = AppDelegate.h; sourceTree = "<group>"; };
		7C2737011C11D72600830476 /* AppDelegate.m */ = {isa = PBXFileReference; lastKnownFileType = sourcecode.c.objc; path = AppDelegate.m; sourceTree = "<group>"; };
		7C2737031C11D72600830476 /* ViewController.h */ = {isa = PBXFileReference; lastKnownFileType = sourcecode.c.h; path = ViewController.h; sourceTree = "<group>"; };
		7C2737041C11D72600830476 /* ViewController.m */ = {isa = PBXFileReference; lastKnownFileType = sourcecode.c.objc; path = ViewController.m; sourceTree = "<group>"; };
		7C2737071C11D72600830476 /* Base */ = {isa = PBXFileReference; lastKnownFileType = file.storyboard; name = Base; path = Base.lproj/Main.storyboard; sourceTree = "<group>"; };
		7C2737091C11D72600830476 /* Assets.xcassets */ = {isa = PBXFileReference; lastKnownFileType = folder.assetcatalog; path = Assets.xcassets; sourceTree = "<group>"; };
		7C27370C1C11D72600830476 /* Base */ = {isa = PBXFileReference; lastKnownFileType = file.storyboard; name = Base; path = Base.lproj/LaunchScreen.storyboard; sourceTree = "<group>"; };
		7C27370E1C11D72600830476 /* Info.plist */ = {isa = PBXFileReference; lastKnownFileType = text.plist.xml; path = Info.plist; sourceTree = "<group>"; };
		7C6E59C81C1369740092A20E /* MessageUI.framework */ = {isa = PBXFileReference; lastKnownFileType = wrapper.framework; name = MessageUI.framework; path = System/Library/Frameworks/MessageUI.framework; sourceTree = SDKROOT; };
/* End PBXFileReference section */

/* Begin PBXFrameworksBuildPhase section */
		7C2736F71C11D72600830476 /* Frameworks */ = {
			isa = PBXFrameworksBuildPhase;
			buildActionMask = 2147483647;
			files = (
				7C394EA71C137FAD002B998B /* MessageUI.framework in Frameworks */,
			);
			runOnlyForDeploymentPostprocessing = 0;
		};
/* End PBXFrameworksBuildPhase section */

/* Begin PBXGroup section */
		7C2736F11C11D72600830476 = {
			isa = PBXGroup;
			children = (
				7C6E59C81C1369740092A20E /* MessageUI.framework */,
				7C2736FC1C11D72600830476 /* rzGalileoDataEntry */,
				7C2736FB1C11D72600830476 /* Products */,
			);
			sourceTree = "<group>";
		};
		7C2736FB1C11D72600830476 /* Products */ = {
			isa = PBXGroup;
			children = (
				7C2736FA1C11D72600830476 /* rzGalileoDataEntry.app */,
			);
			name = Products;
			sourceTree = "<group>";
		};
		7C2736FC1C11D72600830476 /* rzGalileoDataEntry */ = {
			isa = PBXGroup;
			children = (
				7C2737001C11D72600830476 /* AppDelegate.h */,
				7C2737011C11D72600830476 /* AppDelegate.m */,
				7C2737031C11D72600830476 /* ViewController.h */,
				7C2737041C11D72600830476 /* ViewController.m */,
				7C2737061C11D72600830476 /* Main.storyboard */,
				7C2737091C11D72600830476 /* Assets.xcassets */,
				7C27370B1C11D72600830476 /* LaunchScreen.storyboard */,
				7C27370E1C11D72600830476 /* Info.plist */,
				7C2736FD1C11D72600830476 /* Supporting Files */,
			);
			path = rzGalileoDataEntry;
			sourceTree = "<group>";
		};
		7C2736FD1C11D72600830476 /* Supporting Files */ = {
			isa = PBXGroup;
			children = (
				7C2736FE1C11D72600830476 /* main.m */,
			);
			name = "Supporting Files";
			sourceTree = "<group>";
		};
/* End PBXGroup section */

/* Begin PBXNativeTarget section */
		7C2736F91C11D72600830476 /* rzGalileoDataEntry */ = {
			isa = PBXNativeTarget;
			buildConfigurationList = 7C2737111C11D72600830476 /* Build configuration list for PBXNativeTarget "rzGalileoDataEntry" */;
			buildPhases = (
				7C2736F61C11D72600830476 /* Sources */,
				7C2736F71C11D72600830476 /* Frameworks */,
				7C2736F81C11D72600830476 /* Resources */,
			);
			buildRules = (
			);
			dependencies = (
			);
			name = rzGalileoDataEntry;
			productName = rzGalileoDataEntry;
			productReference = 7C2736FA1C11D72600830476 /* rzGalileoDataEntry.app */;
			productType = "com.apple.product-type.application";
		};
/* End PBXNativeTarget section */

/* Begin PBXProject section */
		7C2736F21C11D72600830476 /* Project object */ = {
			isa = PBXProject;
			attributes = {
				LastUpgradeCheck = 0710;
				ORGANIZATIONNAME = "Robert Zimmelman";
				TargetAttributes = {
					7C2736F91C11D72600830476 = {
						CreatedOnToolsVersion = 7.1.1;
						DevelopmentTeam = 8RV36K5JJ4;
					};
				};
			};
			buildConfigurationList = 7C2736F51C11D72600830476 /* Build configuration list for PBXProject "rzGalileoDataEntry" */;
			compatibilityVersion = "Xcode 3.2";
			developmentRegion = English;
			hasScannedForEncodings = 0;
			knownRegions = (
				en,
				Base,
			);
			mainGroup = 7C2736F11C11D72600830476;
			productRefGroup = 7C2736FB1C11D72600830476 /* Products */;
			projectDirPath = "";
			projectRoot = "";
			targets = (
				7C2736F91C11D72600830476 /* rzGalileoDataEntry */,
			);
		};
/* End PBXProject section */

/* Begin PBXResourcesBuildPhase section */
		7C2736F81C11D72600830476 /* Resources */ = {
			isa = PBXResourcesBuildPhase;
			buildActionMask = 2147483647;
			files = (
				7C27370D1C11D72600830476 /* LaunchScreen.storyboard in Resources */,
				7C27370A1C11D72600830476 /* Assets.xcassets in Resources */,
				7C2737081C11D72600830476 /* Main.storyboard in Resources */,
			);
			runOnlyForDeploymentPostprocessing = 0;
		};
/* End PBXResourcesBuildPhase section */

/* Begin PBXSourcesBuildPhase section */
		7C2736F61C11D72600830476 /* Sources */ = {
			isa = PBXSourcesBuildPhase;
			buildActionMask = 2147483647;
			files = (
				7C2737051C11D72600830476 /* ViewController.m in Sources */,
				7C2737021C11D72600830476 /* AppDelegate.m in Sources */,
				7C2736FF1C11D72600830476 /* main.m in Sources */,
			);
			runOnlyForDeploymentPostprocessing = 0;
		};
/* End PBXSourcesBuildPhase section */

/* Begin PBXVariantGroup section */
		7C2737061C11D72600830476 /* Main.storyboard */ = {
			isa = PBXVariantGroup;
			children = (
				7C2737071C11D72600830476 /* Base */,
			);
			name = Main.storyboard;
			sourceTree = "<group>";
		};
		7C27370B1C11D72600830476 /* LaunchScreen.storyboard */ = {
			isa = PBXVariantGroup;
			children = (
				7C27370C1C11D72600830476 /* Base */,
			);
			name = LaunchScreen.storyboard;
			sourceTree = "<group>";
		};
/* End PBXVariantGroup section */

/* Begin XCBuildConfiguration section */
		7C27370F1C11D72600830476 /* Debug */ = {
			isa = XCBuildConfiguration;
			buildSettings = {
				ALWAYS_SEARCH_USER_PATHS = NO;
				CLANG_CXX_LANGUAGE_STANDARD = "gnu++0x";
				CLANG_CXX_LIBRARY = "libc++";
				CLANG_ENABLE_MODULES = YES;
				CLANG_ENABLE_OBJC_ARC = YES;
				CLANG_WARN_BOOL_CONVERSION = YES;
				CLANG_WARN_CONSTANT_CONVERSION = YES;
				CLANG_WARN_DIRECT_OBJC_ISA_USAGE = YES_ERROR;
				CLANG_WARN_EMPTY_BODY = YES;
				CLANG_WARN_ENUM_CONVERSION = YES;
				CLANG_WARN_INT_CONVERSION = YES;
				CLANG_WARN_OBJC_ROOT_CLASS = YES_ERROR;
				CLANG_WARN_UNREACHABLE_CODE = YES;
				CLANG_WARN__DUPLICATE_METHOD_MATCH = YES;
				"CODE_SIGN_IDENTITY[sdk=iphoneos*]" = "iPhone Developer";
				COPY_PHASE_STRIP = NO;
				DEBUG_INFORMATION_FORMAT = dwarf;
				ENABLE_STRICT_OBJC_MSGSEND = YES;
				ENABLE_TESTABILITY = YES;
				GCC_C_LANGUAGE_STANDARD = gnu99;
				GCC_DYNAMIC_NO_PIC = NO;
				GCC_NO_COMMON_BLOCKS = YES;
				GCC_OPTIMIZATION_LEVEL = 0;
				GCC_PREPROCESSOR_DEFINITIONS = (
					"DEBUG=1",
					"$(inherited)",
				);
				GCC_WARN_64_TO_32_BIT_CONVERSION = YES;
				GCC_WARN_ABOUT_RETURN_TYPE = YES_ERROR;
				GCC_WARN_UNDECLARED_SELECTOR = YES;
				GCC_WARN_UNINITIALIZED_AUTOS = YES_AGGRESSIVE;
				GCC_WARN_UNUSED_FUNCTION = YES;
				GCC_WARN_UNUSED_VARIABLE = YES;
				IPHONEOS_DEPLOYMENT_TARGET = 9.0;
				MTL_ENABLE_DEBUG_INFO = YES;
				ONLY_ACTIVE_ARCH = YES;
				SDKROOT = iphoneos;
				TARGETED_DEVICE_FAMILY = "1,2";
			};
			name = Debug;
		};
		7C2737101C11D72600830476 /* Release */ = {
			isa = XCBuildConfiguration;
			buildSettings = {
				ALWAYS_SEARCH_USER_PATHS = NO;
				CLANG_CXX_LANGUAGE_STANDARD = "gnu++0x";
				CLANG_CXX_LIBRARY = "libc++";
				CLANG_ENABLE_MODULES = YES;
				CLANG_ENABLE_OBJC_ARC = YES;
				CLANG_WARN_BOOL_CONVERSION = YES;
				CLANG_WARN_CONSTANT_CONVERSION = YES;
				CLANG_WARN_DIRECT_OBJC_ISA_USAGE = YES_ERROR;
				CLANG_WARN_EMPTY_BODY = YES;
				CLANG_WARN_ENUM_CONVERSION = YES;
				CLANG_WARN_INT_CONVERSION = YES;
				CLANG_WARN_OBJC_ROOT_CLASS = YES_ERROR;
				CLANG_WARN_UNREACHABLE_CODE = YES;
				CLANG_WARN__DUPLICATE_METHOD_MATCH = YES;
				"CODE_SIGN_IDENTITY[sdk=iphoneos*]" = "iPhone Developer";
				COPY_PHASE_STRIP = NO;
				DEBUG_INFORMATION_FORMAT = "dwarf-with-dsym";
				ENABLE_NS_ASSERTIONS = NO;
				ENABLE_STRICT_OBJC_MSGSEND = YES;
				GCC_C_LANGUAGE_STANDARD = gnu99;
				GCC_NO_COMMON_BLOCKS = YES;
				GCC_WARN_64_TO_32_BIT_CONVERSION = YES;
				GCC_WARN_ABOUT_RETURN_TYPE = YES_ERROR;
				GCC_WARN_UNDECLARED_SELECTOR = YES;
				GCC_WARN_UNINITIALIZED_AUTOS = YES_AGGRESSIVE;
				GCC_WARN_UNUSED_FUNCTION = YES;
				GCC_WARN_UNUSED_VARIABLE = YES;
				IPHONEOS_DEPLOYMENT_TARGET = 9.0;
				MTL_ENABLE_DEBUG_INFO = NO;
				SDKROOT = iphoneos;
				TARGETED_DEVICE_FAMILY = "1,2";
				VALIDATE_PRODUCT = YES;
			};
			name = Release;
		};
		7C2737121C11D72600830476 /* Debug */ = {
			isa = XCBuildConfiguration;
			buildSettings = {
				ASSETCATALOG_COMPILER_APPICON_NAME = AppIcon;
				CODE_SIGN_IDENTITY = "iPhone Developer";
				INFOPLIST_FILE = rzGalileoDataEntry/Info.plist;
				LD_RUNPATH_SEARCH_PATHS = "$(inherited) @executable_path/Frameworks";
				PRODUCT_BUNDLE_IDENTIFIER = org.zimmelman.MDSGalileoDataCapture;
				PRODUCT_NAME = "$(TARGET_NAME)";
			};
			name = Debug;
		};
		7C2737131C11D72600830476 /* Release */ = {
			isa = XCBuildConfiguration;
			buildSettings = {
				ASSETCATALOG_COMPILER_APPICON_NAME = AppIcon;
				CODE_SIGN_IDENTITY = "iPhone Developer";
				INFOPLIST_FILE = rzGalileoDataEntry/Info.plist;
				LD_RUNPATH_SEARCH_PATHS = "$(inherited) @executable_path/Frameworks";
				PRODUCT_BUNDLE_IDENTIFIER = org.zimmelman.MDSGalileoDataCapture;
				PRODUCT_NAME = "$(TARGET_NAME)";
			};
			name = Release;
		};
/* End XCBuildConfiguration section */

/* Begin XCConfigurationList section */
		7C2736F51C11D72600830476 /* Build configuration list for PBXProject "rzGalileoDataEntry" */ = {
			isa = XCConfigurationList;
			buildConfigurations = (
				7C27370F1C11D72600830476 /* Debug */,
				7C2737101C11D72600830476 /* Release */,
			);
			defaultConfigurationIsVisible = 0;
			defaultConfigurationName = Release;
		};
		7C2737111C11D72600830476 /* Build configuration list for PBXNativeTarget "rzGalileoDataEntry" */ = {
			isa = XCConfigurationList;
			buildConfigurations = (
				7C2737121C11D72600830476 /* Debug */,
				7C2737131C11D72600830476 /* Release */,
			);
			defaultConfigurationIsVisible = 0;
			defaultConfigurationName = Release;
		};
/* End XCConfigurationList section */
	};
	rootObject = 7C2736F21C11D72600830476 /* Project object */;
}
